
Microsoft Visual Studio Solution File, Format Version 12.00
Project("{FAE04EC0-301F-11D3-BF4B-00C04F79EFBC}") = "intergalactica", "intergalactica.csproj", "{5766C395-1A51-4FC9-9B60-4DA17B51EEDB}"
EndProject
Global
	GlobalSection(SolutionConfigurationPlatforms) = preSolution
		Debug|Any CPU = Debug|Any CPU
		Release|Any CPU = Release|Any CPU
	EndGlobalSection
	GlobalSection(ProjectConfigurationPlatforms) = postSolution
		{5766C395-1A51-4FC9-9B60-4DA17B51EEDB}.Debug|Any CPU.ActiveCfg = Debug|Any CPU
		{5766C395-1A51-4FC9-9B60-4DA17B51EEDB}.Debug|Any CPU.Build.0 = Debug|Any CPU
		{5766C395-1A51-4FC9-9B60-4DA17B51EEDB}.Release|Any CPU.ActiveCfg = Release|Any CPU
		{5766C395-1A51-4FC9-9B60-4DA17B51EEDB}.Release|Any CPU.Build.0 = Release|Any CPU
	EndGlobalSection
EndGlobal
